
Microsoft Visual Studio Solution File, Format Version 12.00
# Visual Studio Version 17
VisualStudioVersion = 17.9.34714.143
MinimumVisualStudioVersion = 10.0.40219.1
Project("{888888A0-9F3D-457C-B088-3A5042F75D52}") = "Homework1", "Homework1\Homework1.pyproj", "{1DFB7E11-5CFB-4252-86CF-2F5262AFDF86}"
EndProject
Global
	GlobalSection(SolutionConfigurationPlatforms) = preSolution
		Debug|Any CPU = Debug|Any CPU
		Release|Any CPU = Release|Any CPU
	EndGlobalSection
	GlobalSection(ProjectConfigurationPlatforms) = postSolution
		{1DFB7E11-5CFB-4252-86CF-2F5262AFDF86}.Debug|Any CPU.ActiveCfg = Debug|Any CPU
		{1DFB7E11-5CFB-4252-86CF-2F5262AFDF86}.Release|Any CPU.ActiveCfg = Release|Any CPU
	EndGlobalSection
	GlobalSection(SolutionProperties) = preSolution
		HideSolutionNode = FALSE
	EndGlobalSection
	GlobalSection(ExtensibilityGlobals) = postSolution
		SolutionGuid = {58036510-D22E-4BAD-B42B-E034888EFFA6}
	EndGlobalSection
EndGlobal
